
Microsoft Visual Studio Solution File, Format Version 12.00
# Visual Studio Version 17
VisualStudioVersion = 17.6.33829.357
MinimumVisualStudioVersion = 10.0.40219.1
Project("{FAE04EC0-301F-11D3-BF4B-00C04F79EFBC}") = "HiringProcess", "HiringProcess\HiringProcess.csproj", "{146A3E4C-5D1E-498A-8214-59122F34F5A8}"
EndProject
Global
	GlobalSection(SolutionConfigurationPlatforms) = preSolution
		Debug|Any CPU = Debug|Any CPU
		Release|Any CPU = Release|Any CPU
	EndGlobalSection
	GlobalSection(ProjectConfigurationPlatforms) = postSolution
		{146A3E4C-5D1E-498A-8214-59122F34F5A8}.Debug|Any CPU.ActiveCfg = Debug|Any CPU
		{146A3E4C-5D1E-498A-8214-59122F34F5A8}.Debug|Any CPU.Build.0 = Debug|Any CPU
		{146A3E4C-5D1E-498A-8214-59122F34F5A8}.Release|Any CPU.ActiveCfg = Release|Any CPU
		{146A3E4C-5D1E-498A-8214-59122F34F5A8}.Release|Any CPU.Build.0 = Release|Any CPU
	EndGlobalSection
	GlobalSection(SolutionProperties) = preSolution
		HideSolutionNode = FALSE
	EndGlobalSection
	GlobalSection(ExtensibilityGlobals) = postSolution
		SolutionGuid = {41990C6B-46CF-4939-8F3A-C89738CB68C8}
	EndGlobalSection
EndGlobal
